
Microsoft Visual Studio Solution File, Format Version 12.00
# Visual Studio Version 17
VisualStudioVersion = 17.11.35303.130
MinimumVisualStudioVersion = 10.0.40219.1
Project("{FAE04EC0-301F-11D3-BF4B-00C04F79EFBC}") = "EspacioCorner.Front", "EspacioCorner\EspacioCorner.Front.csproj", "{9F69F70A-B114-4C17-96BF-A14F725B5DBE}"
EndProject
Project("{FAE04EC0-301F-11D3-BF4B-00C04F79EFBC}") = "EspacioCorner.Entidades", "EspacioCorner.Entidades\EspacioCorner.Entidades.csproj", "{726D0B12-926F-4364-8D3F-F4EF4567CC49}"
EndProject
Project("{FAE04EC0-301F-11D3-BF4B-00C04F79EFBC}") = "EspacioCorner.Datos", "EspacioCorner.Datos\EspacioCorner.Datos.csproj", "{050A2967-663D-4671-92A1-A3DC18846083}"
EndProject
Project("{FAE04EC0-301F-11D3-BF4B-00C04F79EFBC}") = "EspacioCorner.Negocio", "EspacioCorner.Negocio\EspacioCorner.Negocio.csproj", "{A697E6CD-03C5-4588-9B83-4FA267DBEE22}"
EndProject
Global
	GlobalSection(SolutionConfigurationPlatforms) = preSolution
		Debug|Any CPU = Debug|Any CPU
		Release|Any CPU = Release|Any CPU
	EndGlobalSection
	GlobalSection(ProjectConfigurationPlatforms) = postSolution
		{9F69F70A-B114-4C17-96BF-A14F725B5DBE}.Debug|Any CPU.ActiveCfg = Debug|Any CPU
		{9F69F70A-B114-4C17-96BF-A14F725B5DBE}.Debug|Any CPU.Build.0 = Debug|Any CPU
		{9F69F70A-B114-4C17-96BF-A14F725B5DBE}.Release|Any CPU.ActiveCfg = Release|Any CPU
		{9F69F70A-B114-4C17-96BF-A14F725B5DBE}.Release|Any CPU.Build.0 = Release|Any CPU
		{726D0B12-926F-4364-8D3F-F4EF4567CC49}.Debug|Any CPU.ActiveCfg = Debug|Any CPU
		{726D0B12-926F-4364-8D3F-F4EF4567CC49}.Debug|Any CPU.Build.0 = Debug|Any CPU
		{726D0B12-926F-4364-8D3F-F4EF4567CC49}.Release|Any CPU.ActiveCfg = Release|Any CPU
		{726D0B12-926F-4364-8D3F-F4EF4567CC49}.Release|Any CPU.Build.0 = Release|Any CPU
		{050A2967-663D-4671-92A1-A3DC18846083}.Debug|Any CPU.ActiveCfg = Debug|Any CPU
		{050A2967-663D-4671-92A1-A3DC18846083}.Debug|Any CPU.Build.0 = Debug|Any CPU
		{050A2967-663D-4671-92A1-A3DC18846083}.Release|Any CPU.ActiveCfg = Release|Any CPU
		{050A2967-663D-4671-92A1-A3DC18846083}.Release|Any CPU.Build.0 = Release|Any CPU
		{A697E6CD-03C5-4588-9B83-4FA267DBEE22}.Debug|Any CPU.ActiveCfg = Debug|Any CPU
		{A697E6CD-03C5-4588-9B83-4FA267DBEE22}.Debug|Any CPU.Build.0 = Debug|Any CPU
		{A697E6CD-03C5-4588-9B83-4FA267DBEE22}.Release|Any CPU.ActiveCfg = Release|Any CPU
		{A697E6CD-03C5-4588-9B83-4FA267DBEE22}.Release|Any CPU.Build.0 = Release|Any CPU
	EndGlobalSection
	GlobalSection(SolutionProperties) = preSolution
		HideSolutionNode = FALSE
	EndGlobalSection
	GlobalSection(ExtensibilityGlobals) = postSolution
		SolutionGuid = {88D0447E-28BE-4A8C-97FF-514C85943046}
	EndGlobalSection
EndGlobal
